
Microsoft Visual Studio Solution File, Format Version 12.00
# Visual Studio Version 17
VisualStudioVersion = 17.0.31919.166
MinimumVisualStudioVersion = 10.0.40219.1
Project("{FAE04EC0-301F-11D3-BF4B-00C04F79EFBC}") = "LibraryCrea.Application", "LibraryCrea.Application\LibraryCrea.Application.csproj", "{080EE9DB-B9F8-41AC-A808-0AC7942C7C5B}"
EndProject
Project("{FAE04EC0-301F-11D3-BF4B-00C04F79EFBC}") = "LibraryCrea.CrossCutting", "LibraryCrea.CrossCutting\LibraryCrea.CrossCutting.csproj", "{CD9AE374-08E0-4EC3-B6C3-C0CCFDE74234}"
EndProject
Project("{FAE04EC0-301F-11D3-BF4B-00C04F79EFBC}") = "LibraryCrea.Data", "LibraryCrea.Data\LibraryCrea.Data.csproj", "{37FC1493-2276-4E59-A7F7-6CA15E880515}"
EndProject
Project("{FAE04EC0-301F-11D3-BF4B-00C04F79EFBC}") = "LibraryCrea.Domain", "CreaLibrary.Domain\LibraryCrea.Domain.csproj", "{38F3C628-0DD4-426C-9BE5-37DA35B8D782}"
EndProject
Project("{FAE04EC0-301F-11D3-BF4B-00C04F79EFBC}") = "LibraryCrea.Service", "LibraryCrea.Service\LibraryCrea.Service.csproj", "{73CA4849-182C-47A7-9AF0-F33BD124D3B2}"
EndProject
Global
	GlobalSection(SolutionConfigurationPlatforms) = preSolution
		Debug|Any CPU = Debug|Any CPU
		Release|Any CPU = Release|Any CPU
	EndGlobalSection
	GlobalSection(ProjectConfigurationPlatforms) = postSolution
		{080EE9DB-B9F8-41AC-A808-0AC7942C7C5B}.Debug|Any CPU.ActiveCfg = Debug|Any CPU
		{080EE9DB-B9F8-41AC-A808-0AC7942C7C5B}.Debug|Any CPU.Build.0 = Debug|Any CPU
		{080EE9DB-B9F8-41AC-A808-0AC7942C7C5B}.Release|Any CPU.ActiveCfg = Release|Any CPU
		{080EE9DB-B9F8-41AC-A808-0AC7942C7C5B}.Release|Any CPU.Build.0 = Release|Any CPU
		{CD9AE374-08E0-4EC3-B6C3-C0CCFDE74234}.Debug|Any CPU.ActiveCfg = Debug|Any CPU
		{CD9AE374-08E0-4EC3-B6C3-C0CCFDE74234}.Debug|Any CPU.Build.0 = Debug|Any CPU
		{CD9AE374-08E0-4EC3-B6C3-C0CCFDE74234}.Release|Any CPU.ActiveCfg = Release|Any CPU
		{CD9AE374-08E0-4EC3-B6C3-C0CCFDE74234}.Release|Any CPU.Build.0 = Release|Any CPU
		{37FC1493-2276-4E59-A7F7-6CA15E880515}.Debug|Any CPU.ActiveCfg = Debug|Any CPU
		{37FC1493-2276-4E59-A7F7-6CA15E880515}.Debug|Any CPU.Build.0 = Debug|Any CPU
		{37FC1493-2276-4E59-A7F7-6CA15E880515}.Release|Any CPU.ActiveCfg = Release|Any CPU
		{37FC1493-2276-4E59-A7F7-6CA15E880515}.Release|Any CPU.Build.0 = Release|Any CPU
		{38F3C628-0DD4-426C-9BE5-37DA35B8D782}.Debug|Any CPU.ActiveCfg = Debug|Any CPU
		{38F3C628-0DD4-426C-9BE5-37DA35B8D782}.Debug|Any CPU.Build.0 = Debug|Any CPU
		{38F3C628-0DD4-426C-9BE5-37DA35B8D782}.Release|Any CPU.ActiveCfg = Release|Any CPU
		{38F3C628-0DD4-426C-9BE5-37DA35B8D782}.Release|Any CPU.Build.0 = Release|Any CPU
		{73CA4849-182C-47A7-9AF0-F33BD124D3B2}.Debug|Any CPU.ActiveCfg = Debug|Any CPU
		{73CA4849-182C-47A7-9AF0-F33BD124D3B2}.Debug|Any CPU.Build.0 = Debug|Any CPU
		{73CA4849-182C-47A7-9AF0-F33BD124D3B2}.Release|Any CPU.ActiveCfg = Release|Any CPU
		{73CA4849-182C-47A7-9AF0-F33BD124D3B2}.Release|Any CPU.Build.0 = Release|Any CPU
	EndGlobalSection
	GlobalSection(SolutionProperties) = preSolution
		HideSolutionNode = FALSE
	EndGlobalSection
	GlobalSection(ExtensibilityGlobals) = postSolution
		SolutionGuid = {911E8533-27AF-4D49-9E48-FA6CC2AA8FD2}
	EndGlobalSection
EndGlobal
